{
  "originHash" : "51565ea1090fbb3b529886266c375d40b227e34b329e582c13763c33aa1988a4",
  "pins" : [
    {
      "identity" : "gpuimage3",
      "kind" : "remoteSourceControl",
      "location" : "https://github.com/BradLarson/GPUImage3.git",
      "state" : {
        "branch" : "main",
        "revision" : "84466fc344e1220238c1c07e94e91207caaabe51"
      }
    }
  ],
  "version" : 3
}
